// !$*UTF8*$!
{
	archiveVersion = 1;
	classes = {
	};
	objectVersion = 55;
	objects = {

/* Begin PBXBuildFile section */
		E425CF9B276F81BD00962752 /* main.swift in Sources */ = {isa = PBXBuildFile; fileRef = E425CF9A276F81BD00962752 /* main.swift */; };
		E425CFA2276F81E300962752 /* HavingSuperAbility .swift in Sources */ = {isa = PBXBuildFile; fileRef = E425CFA1276F81E300962752 /* HavingSuperAbility .swift */; };
		E425CFA4276F823E00962752 /* Hero.swift in Sources */ = {isa = PBXBuildFile; fileRef = E425CFA3276F823E00962752 /* Hero.swift */; };
		E425CFA6276F837A00962752 /* Magic.swift in Sources */ = {isa = PBXBuildFile; fileRef = E425CFA5276F837A00962752 /* Magic.swift */; };
		E425CFA8276F83DC00962752 /* Medic.swift in Sources */ = {isa = PBXBuildFile; fileRef = E425CFA7276F83DC00962752 /* Medic.swift */; };
		E425CFAA276F840D00962752 /* Warrior.swift in Sources */ = {isa = PBXBuildFile; fileRef = E425CFA9276F840D00962752 /* Warrior.swift */; };
/* End PBXBuildFile section */

/* Begin PBXCopyFilesBuildPhase section */
		E425CF95276F81BD00962752 /* CopyFiles */ = {
			isa = PBXCopyFilesBuildPhase;
			buildActionMask = 2147483647;
			dstPath = /usr/share/man/man1/;
			dstSubfolderSpec = 0;
			files = (
			);
			runOnlyForDeploymentPostprocessing = 1;
		};
/* End PBXCopyFilesBuildPhase section */

/* Begin PBXFileReference section */
		E425CF97276F81BD00962752 /* homework№4 */ = {isa = PBXFileReference; explicitFileType = "compiled.mach-o.executable"; includeInIndex = 0; path = "homework№4"; sourceTree = BUILT_PRODUCTS_DIR; };
		E425CF9A276F81BD00962752 /* main.swift */ = {isa = PBXFileReference; lastKnownFileType = sourcecode.swift; path = main.swift; sourceTree = "<group>"; };
		E425CFA1276F81E300962752 /* HavingSuperAbility .swift */ = {isa = PBXFileReference; lastKnownFileType = sourcecode.swift; path = "HavingSuperAbility .swift"; sourceTree = "<group>"; };
		E425CFA3276F823E00962752 /* Hero.swift */ = {isa = PBXFileReference; lastKnownFileType = sourcecode.swift; path = Hero.swift; sourceTree = "<group>"; };
		E425CFA5276F837A00962752 /* Magic.swift */ = {isa = PBXFileReference; lastKnownFileType = sourcecode.swift; path = Magic.swift; sourceTree = "<group>"; };
		E425CFA7276F83DC00962752 /* Medic.swift */ = {isa = PBXFileReference; lastKnownFileType = sourcecode.swift; path = Medic.swift; sourceTree = "<group>"; };
		E425CFA9276F840D00962752 /* Warrior.swift */ = {isa = PBXFileReference; lastKnownFileType = sourcecode.swift; path = Warrior.swift; sourceTree = "<group>"; };
/* End PBXFileReference section */

/* Begin PBXFrameworksBuildPhase section */
		E425CF94276F81BD00962752 /* Frameworks */ = {
			isa = PBXFrameworksBuildPhase;
			buildActionMask = 2147483647;
			files = (
			);
			runOnlyForDeploymentPostprocessing = 0;
		};
/* End PBXFrameworksBuildPhase section */

/* Begin PBXGroup section */
		E425CF8E276F81BD00962752 = {
			isa = PBXGroup;
			children = (
				E425CF99276F81BD00962752 /* homework№4 */,
				E425CF98276F81BD00962752 /* Products */,
			);
			sourceTree = "<group>";
		};
		E425CF98276F81BD00962752 /* Products */ = {
			isa = PBXGroup;
			children = (
				E425CF97276F81BD00962752 /* homework№4 */,
			);
			name = Products;
			sourceTree = "<group>";
		};
		E425CF99276F81BD00962752 /* homework№4 */ = {
			isa = PBXGroup;
			children = (
				E425CF9A276F81BD00962752 /* main.swift */,
				E425CFA1276F81E300962752 /* HavingSuperAbility .swift */,
				E425CFA3276F823E00962752 /* Hero.swift */,
				E425CFA5276F837A00962752 /* Magic.swift */,
				E425CFA7276F83DC00962752 /* Medic.swift */,
				E425CFA9276F840D00962752 /* Warrior.swift */,
			);
			path = "homework№4";
			sourceTree = "<group>";
		};
/* End PBXGroup section */

/* Begin PBXNativeTarget section */
		E425CF96276F81BD00962752 /* homework№4 */ = {
			isa = PBXNativeTarget;
			buildConfigurationList = E425CF9E276F81BD00962752 /* Build configuration list for PBXNativeTarget "homework№4" */;
			buildPhases = (
				E425CF93276F81BD00962752 /* Sources */,
				E425CF94276F81BD00962752 /* Frameworks */,
				E425CF95276F81BD00962752 /* CopyFiles */,
			);
			buildRules = (
			);
			dependencies = (
			);
			name = "homework№4";
			productName = "homework№4";
			productReference = E425CF97276F81BD00962752 /* homework№4 */;
			productType = "com.apple.product-type.tool";
		};
/* End PBXNativeTarget section */

/* Begin PBXProject section */
		E425CF8F276F81BD00962752 /* Project object */ = {
			isa = PBXProject;
			attributes = {
				BuildIndependentTargetsInParallel = 1;
				LastSwiftUpdateCheck = 1310;
				LastUpgradeCheck = 1310;
				TargetAttributes = {
					E425CF96276F81BD00962752 = {
						CreatedOnToolsVersion = 13.1;
					};
				};
			};
			buildConfigurationList = E425CF92276F81BD00962752 /* Build configuration list for PBXProject "homework№4" */;
			compatibilityVersion = "Xcode 13.0";
			developmentRegion = en;
			hasScannedForEncodings = 0;
			knownRegions = (
				en,
				Base,
			);
			mainGroup = E425CF8E276F81BD00962752;
			productRefGroup = E425CF98276F81BD00962752 /* Products */;
			projectDirPath = "";
			projectRoot = "";
			targets = (
				E425CF96276F81BD00962752 /* homework№4 */,
			);
		};
/* End PBXProject section */

/* Begin PBXSourcesBuildPhase section */
		E425CF93276F81BD00962752 /* Sources */ = {
			isa = PBXSourcesBuildPhase;
			buildActionMask = 2147483647;
			files = (
				E425CFAA276F840D00962752 /* Warrior.swift in Sources */,
				E425CFA8276F83DC00962752 /* Medic.swift in Sources */,
				E425CFA2276F81E300962752 /* HavingSuperAbility .swift in Sources */,
				E425CF9B276F81BD00962752 /* main.swift in Sources */,
				E425CFA4276F823E00962752 /* Hero.swift in Sources */,
				E425CFA6276F837A00962752 /* Magic.swift in Sources */,
			);
			runOnlyForDeploymentPostprocessing = 0;
		};
/* End PBXSourcesBuildPhase section */

/* Begin XCBuildConfiguration section */
		E425CF9C276F81BD00962752 /* Debug */ = {
			isa = XCBuildConfiguration;
			buildSettings = {
				ALWAYS_SEARCH_USER_PATHS = NO;
				CLANG_ANALYZER_NONNULL = YES;
				CLANG_ANALYZER_NUMBER_OBJECT_CONVERSION = YES_AGGRESSIVE;
				CLANG_CXX_LANGUAGE_STANDARD = "gnu++17";
				CLANG_CXX_LIBRARY = "libc++";
				CLANG_ENABLE_MODULES = YES;
				CLANG_ENABLE_OBJC_ARC = YES;
				CLANG_ENABLE_OBJC_WEAK = YES;
				CLANG_WARN_BLOCK_CAPTURE_AUTORELEASING = YES;
				CLANG_WARN_BOOL_CONVERSION = YES;
				CLANG_WARN_COMMA = YES;
				CLANG_WARN_CONSTANT_CONVERSION = YES;
				CLANG_WARN_DEPRECATED_OBJC_IMPLEMENTATIONS = YES;
				CLANG_WARN_DIRECT_OBJC_ISA_USAGE = YES_ERROR;
				CLANG_WARN_DOCUMENTATION_COMMENTS = YES;
				CLANG_WARN_EMPTY_BODY = YES;
				CLANG_WARN_ENUM_CONVERSION = YES;
				CLANG_WARN_INFINITE_RECURSION = YES;
				CLANG_WARN_INT_CONVERSION = YES;
				CLANG_WARN_NON_LITERAL_NULL_CONVERSION = YES;
				CLANG_WARN_OBJC_IMPLICIT_RETAIN_SELF = YES;
				CLANG_WARN_OBJC_LITERAL_CONVERSION = YES;
				CLANG_WARN_OBJC_ROOT_CLASS = YES_ERROR;
				CLANG_WARN_QUOTED_INCLUDE_IN_FRAMEWORK_HEADER = YES;
				CLANG_WARN_RANGE_LOOP_ANALYSIS = YES;
				CLANG_WARN_STRICT_PROTOTYPES = YES;
				CLANG_WARN_SUSPICIOUS_MOVE = YES;
				CLANG_WARN_UNGUARDED_AVAILABILITY = YES_AGGRESSIVE;
				CLANG_WARN_UNREACHABLE_CODE = YES;
				CLANG_WARN__DUPLICATE_METHOD_MATCH = YES;
				COPY_PHASE_STRIP = NO;
				DEBUG_INFORMATION_FORMAT = dwarf;
				ENABLE_STRICT_OBJC_MSGSEND = YES;
				ENABLE_TESTABILITY = YES;
				GCC_C_LANGUAGE_STANDARD = gnu11;
				GCC_DYNAMIC_NO_PIC = NO;
				GCC_NO_COMMON_BLOCKS = YES;
				GCC_OPTIMIZATION_LEVEL = 0;
				GCC_PREPROCESSOR_DEFINITIONS = (
					"DEBUG=1",
					"$(inherited)",
				);
				GCC_WARN_64_TO_32_BIT_CONVERSION = YES;
				GCC_WARN_ABOUT_RETURN_TYPE = YES_ERROR;
				GCC_WARN_UNDECLARED_SELECTOR = YES;
				GCC_WARN_UNINITIALIZED_AUTOS = YES_AGGRESSIVE;
				GCC_WARN_UNUSED_FUNCTION = YES;
				GCC_WARN_UNUSED_VARIABLE = YES;
				MACOSX_DEPLOYMENT_TARGET = 12.0;
				MTL_ENABLE_DEBUG_INFO = INCLUDE_SOURCE;
				MTL_FAST_MATH = YES;
				ONLY_ACTIVE_ARCH = YES;
				SDKROOT = macosx;
				SWIFT_ACTIVE_COMPILATION_CONDITIONS = DEBUG;
				SWIFT_OPTIMIZATION_LEVEL = "-Onone";
			};
			name = Debug;
		};
		E425CF9D276F81BD00962752 /* Release */ = {
			isa = XCBuildConfiguration;
			buildSettings = {
				ALWAYS_SEARCH_USER_PATHS = NO;
				CLANG_ANALYZER_NONNULL = YES;
				CLANG_ANALYZER_NUMBER_OBJECT_CONVERSION = YES_AGGRESSIVE;
				CLANG_CXX_LANGUAGE_STANDARD = "gnu++17";
				CLANG_CXX_LIBRARY = "libc++";
				CLANG_ENABLE_MODULES = YES;
				CLANG_ENABLE_OBJC_ARC = YES;
				CLANG_ENABLE_OBJC_WEAK = YES;
				CLANG_WARN_BLOCK_CAPTURE_AUTORELEASING = YES;
				CLANG_WARN_BOOL_CONVERSION = YES;
				CLANG_WARN_COMMA = YES;
				CLANG_WARN_CONSTANT_CONVERSION = YES;
				CLANG_WARN_DEPRECATED_OBJC_IMPLEMENTATIONS = YES;
				CLANG_WARN_DIRECT_OBJC_ISA_USAGE = YES_ERROR;
				CLANG_WARN_DOCUMENTATION_COMMENTS = YES;
				CLANG_WARN_EMPTY_BODY = YES;
				CLANG_WARN_ENUM_CONVERSION = YES;
				CLANG_WARN_INFINITE_RECURSION = YES;
				CLANG_WARN_INT_CONVERSION = YES;
				CLANG_WARN_NON_LITERAL_NULL_CONVERSION = YES;
				CLANG_WARN_OBJC_IMPLICIT_RETAIN_SELF = YES;
				CLANG_WARN_OBJC_LITERAL_CONVERSION = YES;
				CLANG_WARN_OBJC_ROOT_CLASS = YES_ERROR;
				CLANG_WARN_QUOTED_INCLUDE_IN_FRAMEWORK_HEADER = YES;
				CLANG_WARN_RANGE_LOOP_ANALYSIS = YES;
				CLANG_WARN_STRICT_PROTOTYPES = YES;
				CLANG_WARN_SUSPICIOUS_MOVE = YES;
				CLANG_WARN_UNGUARDED_AVAILABILITY = YES_AGGRESSIVE;
				CLANG_WARN_UNREACHABLE_CODE = YES;
				CLANG_WARN__DUPLICATE_METHOD_MATCH = YES;
				COPY_PHASE_STRIP = NO;
				DEBUG_INFORMATION_FORMAT = "dwarf-with-dsym";
				ENABLE_NS_ASSERTIONS = NO;
				ENABLE_STRICT_OBJC_MSGSEND = YES;
				GCC_C_LANGUAGE_STANDARD = gnu11;
				GCC_NO_COMMON_BLOCKS = YES;
				GCC_WARN_64_TO_32_BIT_CONVERSION = YES;
				GCC_WARN_ABOUT_RETURN_TYPE = YES_ERROR;
				GCC_WARN_UNDECLARED_SELECTOR = YES;
				GCC_WARN_UNINITIALIZED_AUTOS = YES_AGGRESSIVE;
				GCC_WARN_UNUSED_FUNCTION = YES;
				GCC_WARN_UNUSED_VARIABLE = YES;
				MACOSX_DEPLOYMENT_TARGET = 12.0;
				MTL_ENABLE_DEBUG_INFO = NO;
				MTL_FAST_MATH = YES;
				SDKROOT = macosx;
				SWIFT_COMPILATION_MODE = wholemodule;
				SWIFT_OPTIMIZATION_LEVEL = "-O";
			};
			name = Release;
		};
		E425CF9F276F81BD00962752 /* Debug */ = {
			isa = XCBuildConfiguration;
			buildSettings = {
				CODE_SIGN_STYLE = Automatic;
				DEVELOPMENT_TEAM = DX2TVC7ZR3;
				ENABLE_HARDENED_RUNTIME = YES;
				PRODUCT_NAME = "$(TARGET_NAME)";
				SWIFT_VERSION = 5.0;
			};
			name = Debug;
		};
		E425CFA0276F81BD00962752 /* Release */ = {
			isa = XCBuildConfiguration;
			buildSettings = {
				CODE_SIGN_STYLE = Automatic;
				DEVELOPMENT_TEAM = DX2TVC7ZR3;
				ENABLE_HARDENED_RUNTIME = YES;
				PRODUCT_NAME = "$(TARGET_NAME)";
				SWIFT_VERSION = 5.0;
			};
			name = Release;
		};
/* End XCBuildConfiguration section */

/* Begin XCConfigurationList section */
		E425CF92276F81BD00962752 /* Build configuration list for PBXProject "homework№4" */ = {
			isa = XCConfigurationList;
			buildConfigurations = (
				E425CF9C276F81BD00962752 /* Debug */,
				E425CF9D276F81BD00962752 /* Release */,
			);
			defaultConfigurationIsVisible = 0;
			defaultConfigurationName = Release;
		};
		E425CF9E276F81BD00962752 /* Build configuration list for PBXNativeTarget "homework№4" */ = {
			isa = XCConfigurationList;
			buildConfigurations = (
				E425CF9F276F81BD00962752 /* Debug */,
				E425CFA0276F81BD00962752 /* Release */,
			);
			defaultConfigurationIsVisible = 0;
			defaultConfigurationName = Release;
		};
/* End XCConfigurationList section */
	};
	rootObject = E425CF8F276F81BD00962752 /* Project object */;
}
